
Microsoft Visual Studio Solution File, Format Version 12.00
# Visual Studio Version 17
VisualStudioVersion = 17.3.32922.545
MinimumVisualStudioVersion = 10.0.40219.1
Project("{8BC9CEB8-8B4A-11D0-8D11-00A0C91BC942}") = "Project1", "Project1\Project1.vcxproj", "{A38A2611-C65A-4A40-9674-B74139E8C12B}"
EndProject
Global
	GlobalSection(SolutionConfigurationPlatforms) = preSolution
		Debug|x64 = Debug|x64
		Debug|x86 = Debug|x86
		Release|x64 = Release|x64
		Release|x86 = Release|x86
	EndGlobalSection
	GlobalSection(ProjectConfigurationPlatforms) = postSolution
		{A38A2611-C65A-4A40-9674-B74139E8C12B}.Debug|x64.ActiveCfg = Debug|x64
		{A38A2611-C65A-4A40-9674-B74139E8C12B}.Debug|x64.Build.0 = Debug|x64
		{A38A2611-C65A-4A40-9674-B74139E8C12B}.Debug|x86.ActiveCfg = Debug|Win32
		{A38A2611-C65A-4A40-9674-B74139E8C12B}.Debug|x86.Build.0 = Debug|Win32
		{A38A2611-C65A-4A40-9674-B74139E8C12B}.Release|x64.ActiveCfg = Release|x64
		{A38A2611-C65A-4A40-9674-B74139E8C12B}.Release|x64.Build.0 = Release|x64
		{A38A2611-C65A-4A40-9674-B74139E8C12B}.Release|x86.ActiveCfg = Release|Win32
		{A38A2611-C65A-4A40-9674-B74139E8C12B}.Release|x86.Build.0 = Release|Win32
	EndGlobalSection
	GlobalSection(SolutionProperties) = preSolution
		HideSolutionNode = FALSE
	EndGlobalSection
	GlobalSection(ExtensibilityGlobals) = postSolution
		SolutionGuid = {95530D3E-2DB5-4A01-8A04-01DA3ECA6924}
	EndGlobalSection
EndGlobal
